
Microsoft Visual Studio Solution File, Format Version 12.00
# Visual Studio Version 17
VisualStudioVersion = 17.5.33530.505
MinimumVisualStudioVersion = 10.0.40219.1
Project("{9A19103F-16F7-4668-BE54-9A1E7A4F7556}") = "BlazorSyncfusionCrm.Server", "BlazorSyncfusionCrm\Server\BlazorSyncfusionCrm.Server.csproj", "{4E467704-A45D-4D1E-B25C-CFDE1707D113}"
EndProject
Project("{9A19103F-16F7-4668-BE54-9A1E7A4F7556}") = "BlazorSyncfusionCrm.Client", "BlazorSyncfusionCrm\Client\BlazorSyncfusionCrm.Client.csproj", "{EE889A32-4DFC-4FBC-8859-1A1B2A943F06}"
EndProject
Project("{9A19103F-16F7-4668-BE54-9A1E7A4F7556}") = "BlazorSyncfusionCrm.Shared", "BlazorSyncfusionCrm\Shared\BlazorSyncfusionCrm.Shared.csproj", "{3FC417BF-A2D0-41ED-858F-52799519748F}"
EndProject
Global
	GlobalSection(SolutionConfigurationPlatforms) = preSolution
		Debug|Any CPU = Debug|Any CPU
		Release|Any CPU = Release|Any CPU
	EndGlobalSection
	GlobalSection(ProjectConfigurationPlatforms) = postSolution
		{4E467704-A45D-4D1E-B25C-CFDE1707D113}.Debug|Any CPU.ActiveCfg = Debug|Any CPU
		{4E467704-A45D-4D1E-B25C-CFDE1707D113}.Debug|Any CPU.Build.0 = Debug|Any CPU
		{4E467704-A45D-4D1E-B25C-CFDE1707D113}.Release|Any CPU.ActiveCfg = Release|Any CPU
		{4E467704-A45D-4D1E-B25C-CFDE1707D113}.Release|Any CPU.Build.0 = Release|Any CPU
		{EE889A32-4DFC-4FBC-8859-1A1B2A943F06}.Debug|Any CPU.ActiveCfg = Debug|Any CPU
		{EE889A32-4DFC-4FBC-8859-1A1B2A943F06}.Debug|Any CPU.Build.0 = Debug|Any CPU
		{EE889A32-4DFC-4FBC-8859-1A1B2A943F06}.Release|Any CPU.ActiveCfg = Release|Any CPU
		{EE889A32-4DFC-4FBC-8859-1A1B2A943F06}.Release|Any CPU.Build.0 = Release|Any CPU
		{3FC417BF-A2D0-41ED-858F-52799519748F}.Debug|Any CPU.ActiveCfg = Debug|Any CPU
		{3FC417BF-A2D0-41ED-858F-52799519748F}.Debug|Any CPU.Build.0 = Debug|Any CPU
		{3FC417BF-A2D0-41ED-858F-52799519748F}.Release|Any CPU.ActiveCfg = Release|Any CPU
		{3FC417BF-A2D0-41ED-858F-52799519748F}.Release|Any CPU.Build.0 = Release|Any CPU
	EndGlobalSection
	GlobalSection(SolutionProperties) = preSolution
		HideSolutionNode = FALSE
	EndGlobalSection
	GlobalSection(ExtensibilityGlobals) = postSolution
		SolutionGuid = {1EBED06B-D573-46A1-B798-7CAED63319FB}
	EndGlobalSection
EndGlobal
